{
  "name": "rw-parser",
  "version": "1.0.7",
  "lockfileVersion": 3,
  "requires": true,
  "packages": {
    "": {
      "name": "rw-parser",
      "version": "1.0.7",
      "license": "GPL-3.0",
      "dependencies": {
        "dxt-js": "0.0.3"
      },
      "devDependencies": {
        "@types/node": "^12.7.5",
        "typescript": "^3.6.3"
      }
    },
    "node_modules/@types/node": {
      "version": "12.7.5",
      "resolved": "https://registry.npmjs.org/@types/node/-/node-12.7.5.tgz",
      "integrity": "sha512-9fq4jZVhPNW8r+UYKnxF1e2HkDWOWKM5bC2/7c9wPV835I0aOrVbS/Hw/pWPk2uKrNXQqg9Z959Kz+IYDd5p3w==",
      "dev": true
    },
    "node_modules/dxt-js": {
      "version": "0.0.3",
      "resolved": "https://registry.npmjs.org/dxt-js/-/dxt-js-0.0.3.tgz",
      "integrity": "sha512-qNBx0i5/ICyNFO7rs5ZothChgfFD408dg/ZBBfWFXDy0xeDQ86t91QUZxj5WqeUzZQ/+PPtjTUC0w3mS+198jg==",
      "engines": {
        "node": ">=0.10.0"
      }
    },
    "node_modules/typescript": {
      "version": "3.6.3",
      "resolved": "https://registry.npmjs.org/typescript/-/typescript-3.6.3.tgz",
      "integrity": "sha512-N7bceJL1CtRQ2RiG0AQME13ksR7DiuQh/QehubYcghzv20tnh+MQnQIuJddTmsbqYj+dztchykemz0zFzlvdQw==",
      "dev": true,
      "bin": {
        "tsc": "bin/tsc",
        "tsserver": "bin/tsserver"
      },
      "engines": {
        "node": ">=4.2.0"
      }
    }
  }
}
